{
  "nodes": {
    "additionalPythonPackages": {
      "inputs": {
        "nixpkgs": [
          "nixpkgs"
        ]
      },
      "locked": {
        "lastModified": 1762608581,
        "narHash": "sha256-Xapg05pqvBW+aKitTfQCmPH4ClIkn35zdLq4GzTUGUI=",
        "owner": "Camak2441",
        "repo": "additional-python-packages",
        "rev": "40b377ff9e3b2d7973865c6f72499a208b609129",
        "type": "github"
      },
      "original": {
        "owner": "Camak2441",
        "repo": "additional-python-packages",
        "type": "github"
      }
    },
    "nixpkgs": {
      "locked": {
        "lastModified": 1762363567,
        "narHash": "sha256-YRqMDEtSMbitIMj+JLpheSz0pwEr0Rmy5mC7myl17xs=",
        "owner": "NixOS",
        "repo": "nixpkgs",
        "rev": "ae814fd3904b621d8ab97418f1d0f2eb0d3716f4",
        "type": "github"
      },
      "original": {
        "owner": "NixOS",
        "ref": "nixos-unstable",
        "repo": "nixpkgs",
        "type": "github"
      }
    },
    "root": {
      "inputs": {
        "additionalPythonPackages": "additionalPythonPackages",
        "nixpkgs": "nixpkgs"
      }
    }
  },
  "root": "root",
  "version": 7
}
